
Microsoft Visual Studio Solution File, Format Version 12.00
# Visual Studio Version 16
VisualStudioVersion = 16.0.32413.511
MinimumVisualStudioVersion = 10.0.40219.1
Project("{FAE04EC0-301F-11D3-BF4B-00C04F79EFBC}") = "SecuLink", "SecuLink.csproj", "{ED356B96-7CF9-4BAB-8566-42BE345DB543}"
EndProject
Global
	GlobalSection(SolutionConfigurationPlatforms) = preSolution
		Debug|Any CPU = Debug|Any CPU
		Release|Any CPU = Release|Any CPU
	EndGlobalSection
	GlobalSection(ProjectConfigurationPlatforms) = postSolution
		{ED356B96-7CF9-4BAB-8566-42BE345DB543}.Debug|Any CPU.ActiveCfg = Debug|Any CPU
		{ED356B96-7CF9-4BAB-8566-42BE345DB543}.Debug|Any CPU.Build.0 = Debug|Any CPU
		{ED356B96-7CF9-4BAB-8566-42BE345DB543}.Release|Any CPU.ActiveCfg = Release|Any CPU
		{ED356B96-7CF9-4BAB-8566-42BE345DB543}.Release|Any CPU.Build.0 = Release|Any CPU
	EndGlobalSection
	GlobalSection(SolutionProperties) = preSolution
		HideSolutionNode = FALSE
	EndGlobalSection
	GlobalSection(ExtensibilityGlobals) = postSolution
		SolutionGuid = {BDFA7F42-CEC1-4860-A4FB-67AD53497499}
	EndGlobalSection
EndGlobal
